
Microsoft Visual Studio Solution File, Format Version 12.00
# Visual Studio 15
VisualStudioVersion = 15.0.28307.572
MinimumVisualStudioVersion = 10.0.40219.1
Project("{00D1A9C2-B5F0-4AF3-8072-F6C62B433612}") = "DatabaseProject", "DatabaseProject\DatabaseProject.sqlproj", "{CC3C05C6-A7A3-4671-AB3F-EE30DF5AD847}"
EndProject
Project("{8BC9CEB8-8B4A-11D0-8D11-00A0C91BC942}") = "SociTest01", "SociTest01\SociTest01.vcxproj", "{A8D7465A-8B37-40FE-974C-0014E4771ADB}"
EndProject
Project("{00D1A9C2-B5F0-4AF3-8072-F6C62B433612}") = "DatabaseCustomer", "DatabaseCustomer\DatabaseCustomer.sqlproj", "{24212A18-B1A3-4C5A-BCF4-36810ACDD984}"
EndProject
Global
	GlobalSection(SolutionConfigurationPlatforms) = preSolution
		Debug|Any CPU = Debug|Any CPU
		Debug|x64 = Debug|x64
		Debug|x86 = Debug|x86
		Release|Any CPU = Release|Any CPU
		Release|x64 = Release|x64
		Release|x86 = Release|x86
	EndGlobalSection
	GlobalSection(ProjectConfigurationPlatforms) = postSolution
		{CC3C05C6-A7A3-4671-AB3F-EE30DF5AD847}.Debug|Any CPU.ActiveCfg = Debug|Any CPU
		{CC3C05C6-A7A3-4671-AB3F-EE30DF5AD847}.Debug|Any CPU.Build.0 = Debug|Any CPU
		{CC3C05C6-A7A3-4671-AB3F-EE30DF5AD847}.Debug|Any CPU.Deploy.0 = Debug|Any CPU
		{CC3C05C6-A7A3-4671-AB3F-EE30DF5AD847}.Debug|x64.ActiveCfg = Debug|Any CPU
		{CC3C05C6-A7A3-4671-AB3F-EE30DF5AD847}.Debug|x64.Build.0 = Debug|Any CPU
		{CC3C05C6-A7A3-4671-AB3F-EE30DF5AD847}.Debug|x64.Deploy.0 = Debug|Any CPU
		{CC3C05C6-A7A3-4671-AB3F-EE30DF5AD847}.Debug|x86.ActiveCfg = Debug|Any CPU
		{CC3C05C6-A7A3-4671-AB3F-EE30DF5AD847}.Debug|x86.Build.0 = Debug|Any CPU
		{CC3C05C6-A7A3-4671-AB3F-EE30DF5AD847}.Debug|x86.Deploy.0 = Debug|Any CPU
		{CC3C05C6-A7A3-4671-AB3F-EE30DF5AD847}.Release|Any CPU.ActiveCfg = Release|Any CPU
		{CC3C05C6-A7A3-4671-AB3F-EE30DF5AD847}.Release|Any CPU.Build.0 = Release|Any CPU
		{CC3C05C6-A7A3-4671-AB3F-EE30DF5AD847}.Release|Any CPU.Deploy.0 = Release|Any CPU
		{CC3C05C6-A7A3-4671-AB3F-EE30DF5AD847}.Release|x64.ActiveCfg = Release|Any CPU
		{CC3C05C6-A7A3-4671-AB3F-EE30DF5AD847}.Release|x64.Build.0 = Release|Any CPU
		{CC3C05C6-A7A3-4671-AB3F-EE30DF5AD847}.Release|x64.Deploy.0 = Release|Any CPU
		{CC3C05C6-A7A3-4671-AB3F-EE30DF5AD847}.Release|x86.ActiveCfg = Release|Any CPU
		{CC3C05C6-A7A3-4671-AB3F-EE30DF5AD847}.Release|x86.Build.0 = Release|Any CPU
		{CC3C05C6-A7A3-4671-AB3F-EE30DF5AD847}.Release|x86.Deploy.0 = Release|Any CPU
		{A8D7465A-8B37-40FE-974C-0014E4771ADB}.Debug|Any CPU.ActiveCfg = Debug|Win32
		{A8D7465A-8B37-40FE-974C-0014E4771ADB}.Debug|x64.ActiveCfg = Debug|x64
		{A8D7465A-8B37-40FE-974C-0014E4771ADB}.Debug|x64.Build.0 = Debug|x64
		{A8D7465A-8B37-40FE-974C-0014E4771ADB}.Debug|x86.ActiveCfg = Debug|Win32
		{A8D7465A-8B37-40FE-974C-0014E4771ADB}.Debug|x86.Build.0 = Debug|Win32
		{A8D7465A-8B37-40FE-974C-0014E4771ADB}.Release|Any CPU.ActiveCfg = Release|Win32
		{A8D7465A-8B37-40FE-974C-0014E4771ADB}.Release|x64.ActiveCfg = Release|x64
		{A8D7465A-8B37-40FE-974C-0014E4771ADB}.Release|x64.Build.0 = Release|x64
		{A8D7465A-8B37-40FE-974C-0014E4771ADB}.Release|x86.ActiveCfg = Release|Win32
		{A8D7465A-8B37-40FE-974C-0014E4771ADB}.Release|x86.Build.0 = Release|Win32
		{24212A18-B1A3-4C5A-BCF4-36810ACDD984}.Debug|Any CPU.ActiveCfg = Debug|Any CPU
		{24212A18-B1A3-4C5A-BCF4-36810ACDD984}.Debug|Any CPU.Build.0 = Debug|Any CPU
		{24212A18-B1A3-4C5A-BCF4-36810ACDD984}.Debug|Any CPU.Deploy.0 = Debug|Any CPU
		{24212A18-B1A3-4C5A-BCF4-36810ACDD984}.Debug|x64.ActiveCfg = Debug|Any CPU
		{24212A18-B1A3-4C5A-BCF4-36810ACDD984}.Debug|x64.Build.0 = Debug|Any CPU
		{24212A18-B1A3-4C5A-BCF4-36810ACDD984}.Debug|x64.Deploy.0 = Debug|Any CPU
		{24212A18-B1A3-4C5A-BCF4-36810ACDD984}.Debug|x86.ActiveCfg = Debug|Any CPU
		{24212A18-B1A3-4C5A-BCF4-36810ACDD984}.Debug|x86.Build.0 = Debug|Any CPU
		{24212A18-B1A3-4C5A-BCF4-36810ACDD984}.Debug|x86.Deploy.0 = Debug|Any CPU
		{24212A18-B1A3-4C5A-BCF4-36810ACDD984}.Release|Any CPU.ActiveCfg = Release|Any CPU
		{24212A18-B1A3-4C5A-BCF4-36810ACDD984}.Release|Any CPU.Build.0 = Release|Any CPU
		{24212A18-B1A3-4C5A-BCF4-36810ACDD984}.Release|Any CPU.Deploy.0 = Release|Any CPU
		{24212A18-B1A3-4C5A-BCF4-36810ACDD984}.Release|x64.ActiveCfg = Release|Any CPU
		{24212A18-B1A3-4C5A-BCF4-36810ACDD984}.Release|x64.Build.0 = Release|Any CPU
		{24212A18-B1A3-4C5A-BCF4-36810ACDD984}.Release|x64.Deploy.0 = Release|Any CPU
		{24212A18-B1A3-4C5A-BCF4-36810ACDD984}.Release|x86.ActiveCfg = Release|Any CPU
		{24212A18-B1A3-4C5A-BCF4-36810ACDD984}.Release|x86.Build.0 = Release|Any CPU
		{24212A18-B1A3-4C5A-BCF4-36810ACDD984}.Release|x86.Deploy.0 = Release|Any CPU
	EndGlobalSection
	GlobalSection(SolutionProperties) = preSolution
		HideSolutionNode = FALSE
	EndGlobalSection
	GlobalSection(ExtensibilityGlobals) = postSolution
		SolutionGuid = {B26371B5-D791-444A-9DC7-7861D6229AAD}
	EndGlobalSection
EndGlobal
