
Microsoft Visual Studio Solution File, Format Version 12.00
# Visual Studio 15
VisualStudioVersion = 15.0.28307.572
MinimumVisualStudioVersion = 10.0.40219.1
Project("{8BC9CEB8-8B4A-11D0-8D11-00A0C91BC942}") = "SociTest01", "SociTest01\SociTest01.vcxproj", "{A8D7465A-8B37-40FE-974C-0014E4771ADB}"
EndProject
Global
	GlobalSection(SolutionConfigurationPlatforms) = preSolution
		Debug|Any CPU = Debug|Any CPU
		Debug|x64 = Debug|x64
		Debug|x86 = Debug|x86
		Release|Any CPU = Release|Any CPU
		Release|x64 = Release|x64
		Release|x86 = Release|x86
	EndGlobalSection
	GlobalSection(ProjectConfigurationPlatforms) = postSolution
		{A8D7465A-8B37-40FE-974C-0014E4771ADB}.Debug|Any CPU.ActiveCfg = Debug|Win32
		{A8D7465A-8B37-40FE-974C-0014E4771ADB}.Debug|x64.ActiveCfg = Debug|x64
		{A8D7465A-8B37-40FE-974C-0014E4771ADB}.Debug|x64.Build.0 = Debug|x64
		{A8D7465A-8B37-40FE-974C-0014E4771ADB}.Debug|x86.ActiveCfg = Debug|Win32
		{A8D7465A-8B37-40FE-974C-0014E4771ADB}.Debug|x86.Build.0 = Debug|Win32
		{A8D7465A-8B37-40FE-974C-0014E4771ADB}.Release|Any CPU.ActiveCfg = Release|Win32
		{A8D7465A-8B37-40FE-974C-0014E4771ADB}.Release|x64.ActiveCfg = Release|x64
		{A8D7465A-8B37-40FE-974C-0014E4771ADB}.Release|x64.Build.0 = Release|x64
		{A8D7465A-8B37-40FE-974C-0014E4771ADB}.Release|x86.ActiveCfg = Release|Win32
		{A8D7465A-8B37-40FE-974C-0014E4771ADB}.Release|x86.Build.0 = Release|Win32
	EndGlobalSection
	GlobalSection(SolutionProperties) = preSolution
		HideSolutionNode = FALSE
	EndGlobalSection
	GlobalSection(ExtensibilityGlobals) = postSolution
		SolutionGuid = {B26371B5-D791-444A-9DC7-7861D6229AAD}
	EndGlobalSection
EndGlobal
