<?xml version="1.0" encoding="utf-8"?>
<Project ToolsVersion="4.0" xmlns="http://schemas.microsoft.com/developer/msbuild/2003">
  <ItemGroup>
    <Filter Include="Common">
      <UniqueIdentifier>{2f95db25-15c7-4e36-9ddc-949615560963}</UniqueIdentifier>
    </Filter>
    <Filter Include="script">
      <UniqueIdentifier>{1aafc22b-7965-45b7-b890-7fbe93682fa2}</UniqueIdentifier>
    </Filter>
    <Filter Include="Resource">
      <UniqueIdentifier>{a0fda669-dfa5-4382-861d-694de44c3feb}</UniqueIdentifier>
    </Filter>
  </ItemGroup>
  <ItemGroup>
    <ClInclude Include="resource.h">
      <Filter>Resource</Filter>
    </ClInclude>
    <ClInclude Include="..\Common\KBaseServer.h">
      <Filter>Common</Filter>
    </ClInclude>
    <ClInclude Include="..\Common\CommonPacket.h">
      <Filter>Common</Filter>
    </ClInclude>
    <ClInclude Include="..\Common\KUser.h">
      <Filter>Common</Filter>
    </ClInclude>
    <ClInclude Include="..\Common\KWorkQueue.h">
      <Filter>Common</Filter>
    </ClInclude>
    <ClInclude Include="KMyGameServer.h" />
    <ClInclude Include="..\Common\KThreadManager.h">
      <Filter>Common</Filter>
    </ClInclude>
    <ClInclude Include="..\Common\KFsm.h">
      <Filter>Common</Filter>
    </ClInclude>
    <ClInclude Include="..\Common\KPacket.h">
      <Filter>Common</Filter>
    </ClInclude>
    <ClInclude Include="..\Common\KGen.h">
      <Filter>Common</Filter>
    </ClInclude>
    <ClInclude Include="..\Common\KGlobalSingleton.h">
      <Filter>Common</Filter>
    </ClInclude>
    <ClInclude Include="..\Common\KLog.h">
      <Filter>Common</Filter>
    </ClInclude>
    <ClInclude Include="..\Common\NetUtil.h">
      <Filter>Common</Filter>
    </ClInclude>
    <ClInclude Include="..\Common\KIocp.h">
      <Filter>Common</Filter>
    </ClInclude>
    <ClInclude Include="..\Common\KIocpWorkerThread.h">
      <Filter>Common</Filter>
    </ClInclude>
    <ClInclude Include="..\Common\KOverlapped.h">
      <Filter>Common</Filter>
    </ClInclude>
    <ClInclude Include="..\Common\KSession.h">
      <Filter>Common</Filter>
    </ClInclude>
    <ClInclude Include="..\Common\KSocket.h">
      <Filter>Common</Filter>
    </ClInclude>
    <ClInclude Include="..\Common\KThread.h">
      <Filter>Common</Filter>
    </ClInclude>
    <ClInclude Include="..\Common\NetError.h">
      <Filter>Common</Filter>
    </ClInclude>
    <ClInclude Include="..\Common\KCriticalSection.h">
      <Filter>Common</Filter>
    </ClInclude>
    <ClInclude Include="..\Common\KServerObject.h">
      <Filter>Common</Filter>
    </ClInclude>
    <ClInclude Include="..\Common\KPool.h">
      <Filter>Common</Filter>
    </ClInclude>
    <ClInclude Include="..\Common\KBaseSingleton.h">
      <Filter>Common</Filter>
    </ClInclude>
    <ClInclude Include="..\Common\EnumToString.h">
      <Filter>Common</Filter>
    </ClInclude>
    <ClInclude Include="..\Common\KSocketAccepterThread.h">
      <Filter>Common</Filter>
    </ClInclude>
    <ClInclude Include="..\Common\KSessionSocket.h">
      <Filter>Common</Filter>
    </ClInclude>
    <ClInclude Include="KMyUserFsm.h" />
  </ItemGroup>
  <ItemGroup>
    <ClCompile Include="..\Common\KBaseServer.cpp">
      <Filter>Common</Filter>
    </ClCompile>
    <ClCompile Include="..\Common\KWorkQueue.cpp">
      <Filter>Common</Filter>
    </ClCompile>
    <ClCompile Include="KMyGameServer.cpp" />
    <ClCompile Include="..\Common\KThreadManager.cpp">
      <Filter>Common</Filter>
    </ClCompile>
    <ClCompile Include="..\Common\KPacket.cpp">
      <Filter>Common</Filter>
    </ClCompile>
    <ClCompile Include="main.cpp" />
    <ClCompile Include="..\Common\NetUtil.cpp">
      <Filter>Common</Filter>
    </ClCompile>
    <ClCompile Include="..\Common\KIocp.cpp">
      <Filter>Common</Filter>
    </ClCompile>
    <ClCompile Include="..\Common\KIocpWorkerThread.cpp">
      <Filter>Common</Filter>
    </ClCompile>
    <ClCompile Include="..\Common\KSession.cpp">
      <Filter>Common</Filter>
    </ClCompile>
    <ClCompile Include="..\Common\KSocket.cpp">
      <Filter>Common</Filter>
    </ClCompile>
    <ClCompile Include="..\Common\NetError.cpp">
      <Filter>Common</Filter>
    </ClCompile>
    <ClCompile Include="..\Common\KSocketAccepterThread.cpp">
      <Filter>Common</Filter>
    </ClCompile>
    <ClCompile Include="..\Common\KSessionSocket.cpp">
      <Filter>Common</Filter>
    </ClCompile>
  </ItemGroup>
  <ItemGroup>
    <ResourceCompile Include="GameServer.rc">
      <Filter>Resource</Filter>
    </ResourceCompile>
  </ItemGroup>
  <ItemGroup>
    <Image Include="icon.ico">
      <Filter>Resource</Filter>
    </Image>
  </ItemGroup>
  <ItemGroup>
    <None Include="config.ini">
      <Filter>script</Filter>
    </None>
  </ItemGroup>
</Project>