<?xml version="1.0" encoding="utf-8"?>
<Project ToolsVersion="4.0" xmlns="http://schemas.microsoft.com/developer/msbuild/2003">
  <ItemGroup>
    <ClCompile Include="KMyGameServer.cpp" />
    <ClCompile Include="main.cpp" />
    <ClCompile Include="..\Common\KBaseServer.cpp">
      <Filter>Common</Filter>
    </ClCompile>
    <ClCompile Include="..\Common\KIocp.cpp">
      <Filter>Common</Filter>
    </ClCompile>
    <ClCompile Include="..\Common\KIocpWorkerThread.cpp">
      <Filter>Common</Filter>
    </ClCompile>
    <ClCompile Include="..\Common\KNetLayer.cpp">
      <Filter>Common</Filter>
    </ClCompile>
    <ClCompile Include="..\Common\KPacket.cpp">
      <Filter>Common</Filter>
    </ClCompile>
    <ClCompile Include="..\Common\KSession.cpp">
      <Filter>Common</Filter>
    </ClCompile>
    <ClCompile Include="..\Common\KSessionSocket.cpp">
      <Filter>Common</Filter>
    </ClCompile>
    <ClCompile Include="..\Common\KSocket.cpp">
      <Filter>Common</Filter>
    </ClCompile>
    <ClCompile Include="..\Common\KSocketAccepterThread.cpp">
      <Filter>Common</Filter>
    </ClCompile>
    <ClCompile Include="..\Common\KThreadManager.cpp">
      <Filter>Common</Filter>
    </ClCompile>
    <ClCompile Include="..\Common\KWorkQueue.cpp">
      <Filter>Common</Filter>
    </ClCompile>
    <ClCompile Include="..\Common\LayerUtil.cpp">
      <Filter>Common</Filter>
    </ClCompile>
    <ClCompile Include="..\Common\NetError.cpp">
      <Filter>Common</Filter>
    </ClCompile>
    <ClCompile Include="..\Common\NetUtil.cpp">
      <Filter>Common</Filter>
    </ClCompile>
  </ItemGroup>
  <ItemGroup>
    <ClInclude Include="KMyGameServer.h" />
    <ClInclude Include="KMyUserFsm.h" />
    <ClInclude Include="MyCenterServerPacket.h" />
    <ClInclude Include="resource.h" />
    <ClInclude Include="..\Common\CommonPacket.h">
      <Filter>Common</Filter>
    </ClInclude>
    <ClInclude Include="..\Common\EnumToString.h">
      <Filter>Common</Filter>
    </ClInclude>
    <ClInclude Include="..\Common\KBaseServer.h">
      <Filter>Common</Filter>
    </ClInclude>
    <ClInclude Include="..\Common\KBaseSingleton.h">
      <Filter>Common</Filter>
    </ClInclude>
    <ClInclude Include="..\Common\KCriticalSection.h">
      <Filter>Common</Filter>
    </ClInclude>
    <ClInclude Include="..\Common\KFsm.h">
      <Filter>Common</Filter>
    </ClInclude>
    <ClInclude Include="..\Common\KGen.h">
      <Filter>Common</Filter>
    </ClInclude>
    <ClInclude Include="..\Common\KGlobalSingleton.h">
      <Filter>Common</Filter>
    </ClInclude>
    <ClInclude Include="..\Common\KIocp.h">
      <Filter>Common</Filter>
    </ClInclude>
    <ClInclude Include="..\Common\KIocpWorkerThread.h">
      <Filter>Common</Filter>
    </ClInclude>
    <ClInclude Include="..\Common\KLog.h">
      <Filter>Common</Filter>
    </ClInclude>
    <ClInclude Include="..\Common\KNetLayer.h">
      <Filter>Common</Filter>
    </ClInclude>
    <ClInclude Include="..\Common\KOverlapped.h">
      <Filter>Common</Filter>
    </ClInclude>
    <ClInclude Include="..\Common\KPacket.h">
      <Filter>Common</Filter>
    </ClInclude>
    <ClInclude Include="..\Common\KServerObject.h">
      <Filter>Common</Filter>
    </ClInclude>
    <ClInclude Include="..\Common\KSession.h">
      <Filter>Common</Filter>
    </ClInclude>
    <ClInclude Include="..\Common\KSessionSocket.h">
      <Filter>Common</Filter>
    </ClInclude>
    <ClInclude Include="..\Common\KSocket.h">
      <Filter>Common</Filter>
    </ClInclude>
    <ClInclude Include="..\Common\KSocketAccepterThread.h">
      <Filter>Common</Filter>
    </ClInclude>
    <ClInclude Include="..\Common\KThread.h">
      <Filter>Common</Filter>
    </ClInclude>
    <ClInclude Include="..\Common\KThreadManager.h">
      <Filter>Common</Filter>
    </ClInclude>
    <ClInclude Include="..\Common\KUser.h">
      <Filter>Common</Filter>
    </ClInclude>
    <ClInclude Include="..\Common\KWorkQueue.h">
      <Filter>Common</Filter>
    </ClInclude>
    <ClInclude Include="..\Common\LayerUtil.h">
      <Filter>Common</Filter>
    </ClInclude>
    <ClInclude Include="..\Common\NetError.h">
      <Filter>Common</Filter>
    </ClInclude>
    <ClInclude Include="..\Common\NetUtil.h">
      <Filter>Common</Filter>
    </ClInclude>
    <ClInclude Include="..\Common\noncopyable.h">
      <Filter>Common</Filter>
    </ClInclude>
  </ItemGroup>
  <ItemGroup>
    <ResourceCompile Include="GameServer.rc" />
  </ItemGroup>
  <ItemGroup>
    <Image Include="icon.ico" />
  </ItemGroup>
  <ItemGroup>
    <None Include="config.ini" />
  </ItemGroup>
  <ItemGroup>
    <Filter Include="Common">
      <UniqueIdentifier>{7a18ee44-41f5-4095-b4be-7577d7e425fa}</UniqueIdentifier>
    </Filter>
  </ItemGroup>
</Project>